// !$*UTF8*$!
{
	archiveVersion = 1;
	classes = {
	};
	objectVersion = 55;
	objects = {

/* Begin PBXBuildFile section */
		C823345C289D764900F956FE /* MainViewController.swift in Sources */ = {isa = PBXBuildFile; fileRef = C823345A289D764900F956FE /* MainViewController.swift */; };
		C823345D289D764900F956FE /* MainViewController.xib in Resources */ = {isa = PBXBuildFile; fileRef = C823345B289D764900F956FE /* MainViewController.xib */; };
		C8233460289D7CE700F956FE /* ProfileViewController.swift in Sources */ = {isa = PBXBuildFile; fileRef = C823345E289D7CE700F956FE /* ProfileViewController.swift */; };
		C8233461289D7CE700F956FE /* ProfileViewController.xib in Resources */ = {isa = PBXBuildFile; fileRef = C823345F289D7CE700F956FE /* ProfileViewController.xib */; };
		C8233468289D8E2E00F956FE /* FavoriteViewController.swift in Sources */ = {isa = PBXBuildFile; fileRef = C8233466289D8E2E00F956FE /* FavoriteViewController.swift */; };
		C8233469289D8E2E00F956FE /* FavoriteViewController.xib in Resources */ = {isa = PBXBuildFile; fileRef = C8233467289D8E2E00F956FE /* FavoriteViewController.xib */; };
		C823346D289D903800F956FE /* TabBarModel.swift in Sources */ = {isa = PBXBuildFile; fileRef = C823346C289D903800F956FE /* TabBarModel.swift */; };
		C823346F289D95D400F956FE /* TabBarConfigurator.swift in Sources */ = {isa = PBXBuildFile; fileRef = C823346E289D95D400F956FE /* TabBarConfigurator.swift */; };
		C845AD0F28999A530026C2EB /* AppDelegate.swift in Sources */ = {isa = PBXBuildFile; fileRef = C845AD0E28999A530026C2EB /* AppDelegate.swift */; };
		C845AD1828999A5B0026C2EB /* Assets.xcassets in Resources */ = {isa = PBXBuildFile; fileRef = C845AD1728999A5B0026C2EB /* Assets.xcassets */; };
		C845AD1B28999A5B0026C2EB /* LaunchScreen.storyboard in Resources */ = {isa = PBXBuildFile; fileRef = C845AD1928999A5B0026C2EB /* LaunchScreen.storyboard */; };
/* End PBXBuildFile section */

/* Begin PBXFileReference section */
		C823345A289D764900F956FE /* MainViewController.swift */ = {isa = PBXFileReference; lastKnownFileType = sourcecode.swift; path = MainViewController.swift; sourceTree = "<group>"; };
		C823345B289D764900F956FE /* MainViewController.xib */ = {isa = PBXFileReference; lastKnownFileType = file.xib; path = MainViewController.xib; sourceTree = "<group>"; };
		C823345E289D7CE700F956FE /* ProfileViewController.swift */ = {isa = PBXFileReference; lastKnownFileType = sourcecode.swift; path = ProfileViewController.swift; sourceTree = "<group>"; };
		C823345F289D7CE700F956FE /* ProfileViewController.xib */ = {isa = PBXFileReference; lastKnownFileType = file.xib; path = ProfileViewController.xib; sourceTree = "<group>"; };
		C8233466289D8E2E00F956FE /* FavoriteViewController.swift */ = {isa = PBXFileReference; lastKnownFileType = sourcecode.swift; path = FavoriteViewController.swift; sourceTree = "<group>"; };
		C8233467289D8E2E00F956FE /* FavoriteViewController.xib */ = {isa = PBXFileReference; lastKnownFileType = file.xib; path = FavoriteViewController.xib; sourceTree = "<group>"; };
		C823346C289D903800F956FE /* TabBarModel.swift */ = {isa = PBXFileReference; lastKnownFileType = sourcecode.swift; path = TabBarModel.swift; sourceTree = "<group>"; };
		C823346E289D95D400F956FE /* TabBarConfigurator.swift */ = {isa = PBXFileReference; lastKnownFileType = sourcecode.swift; path = TabBarConfigurator.swift; sourceTree = "<group>"; };
		C845AD0B28999A530026C2EB /* SurfSummerSchoolProject.app */ = {isa = PBXFileReference; explicitFileType = wrapper.application; includeInIndex = 0; path = SurfSummerSchoolProject.app; sourceTree = BUILT_PRODUCTS_DIR; };
		C845AD0E28999A530026C2EB /* AppDelegate.swift */ = {isa = PBXFileReference; lastKnownFileType = sourcecode.swift; path = AppDelegate.swift; sourceTree = "<group>"; };
		C845AD1728999A5B0026C2EB /* Assets.xcassets */ = {isa = PBXFileReference; lastKnownFileType = folder.assetcatalog; path = Assets.xcassets; sourceTree = "<group>"; };
		C845AD1A28999A5B0026C2EB /* Base */ = {isa = PBXFileReference; lastKnownFileType = file.storyboard; name = Base; path = Base.lproj/LaunchScreen.storyboard; sourceTree = "<group>"; };
		C845AD1C28999A5B0026C2EB /* Info.plist */ = {isa = PBXFileReference; lastKnownFileType = text.plist.xml; path = Info.plist; sourceTree = "<group>"; };
/* End PBXFileReference section */

/* Begin PBXFrameworksBuildPhase section */
		C845AD0828999A530026C2EB /* Frameworks */ = {
			isa = PBXFrameworksBuildPhase;
			buildActionMask = 2147483647;
			files = (
			);
			runOnlyForDeploymentPostprocessing = 0;
		};
/* End PBXFrameworksBuildPhase section */

/* Begin PBXGroup section */
		C8233462289D8D8100F956FE /* MainFlow */ = {
			isa = PBXGroup;
			children = (
				C823346B289D8FFF00F956FE /* TabBarModule */,
				C8233465289D8E0900F956FE /* FavoriteModule */,
				C8233464289D8DE700F956FE /* ProfileModule */,
				C8233463289D8DB500F956FE /* MainModule */,
			);
			path = MainFlow;
			sourceTree = "<group>";
		};
		C8233463289D8DB500F956FE /* MainModule */ = {
			isa = PBXGroup;
			children = (
				C823345B289D764900F956FE /* MainViewController.xib */,
				C823345A289D764900F956FE /* MainViewController.swift */,
			);
			path = MainModule;
			sourceTree = "<group>";
		};
		C8233464289D8DE700F956FE /* ProfileModule */ = {
			isa = PBXGroup;
			children = (
				C823345F289D7CE700F956FE /* ProfileViewController.xib */,
				C823345E289D7CE700F956FE /* ProfileViewController.swift */,
			);
			path = ProfileModule;
			sourceTree = "<group>";
		};
		C8233465289D8E0900F956FE /* FavoriteModule */ = {
			isa = PBXGroup;
			children = (
				C8233466289D8E2E00F956FE /* FavoriteViewController.swift */,
				C8233467289D8E2E00F956FE /* FavoriteViewController.xib */,
			);
			path = FavoriteModule;
			sourceTree = "<group>";
		};
		C823346A289D8EA400F956FE /* Application */ = {
			isa = PBXGroup;
			children = (
				C845AD1928999A5B0026C2EB /* LaunchScreen.storyboard */,
				C845AD1728999A5B0026C2EB /* Assets.xcassets */,
				C845AD1C28999A5B0026C2EB /* Info.plist */,
			);
			path = Application;
			sourceTree = "<group>";
		};
		C823346B289D8FFF00F956FE /* TabBarModule */ = {
			isa = PBXGroup;
			children = (
				C823346C289D903800F956FE /* TabBarModel.swift */,
				C823346E289D95D400F956FE /* TabBarConfigurator.swift */,
			);
			path = TabBarModule;
			sourceTree = "<group>";
		};
		C845AD0228999A530026C2EB = {
			isa = PBXGroup;
			children = (
				C845AD0D28999A530026C2EB /* SurfSummerSchoolProject */,
				C845AD0C28999A530026C2EB /* Products */,
			);
			sourceTree = "<group>";
		};
		C845AD0C28999A530026C2EB /* Products */ = {
			isa = PBXGroup;
			children = (
				C845AD0B28999A530026C2EB /* SurfSummerSchoolProject.app */,
			);
			name = Products;
			sourceTree = "<group>";
		};
		C845AD0D28999A530026C2EB /* SurfSummerSchoolProject */ = {
			isa = PBXGroup;
			children = (
				C845AD0E28999A530026C2EB /* AppDelegate.swift */,
				C8233462289D8D8100F956FE /* MainFlow */,
				C823346A289D8EA400F956FE /* Application */,
			);
			path = SurfSummerSchoolProject;
			sourceTree = "<group>";
		};
/* End PBXGroup section */

/* Begin PBXNativeTarget section */
		C845AD0A28999A530026C2EB /* SurfSummerSchoolProject */ = {
			isa = PBXNativeTarget;
			buildConfigurationList = C845AD1F28999A5B0026C2EB /* Build configuration list for PBXNativeTarget "SurfSummerSchoolProject" */;
			buildPhases = (
				C845AD0728999A530026C2EB /* Sources */,
				C845AD0828999A530026C2EB /* Frameworks */,
				C845AD0928999A530026C2EB /* Resources */,
			);
			buildRules = (
			);
			dependencies = (
			);
			name = SurfSummerSchoolProject;
			productName = SurfSummerSchoolProject;
			productReference = C845AD0B28999A530026C2EB /* SurfSummerSchoolProject.app */;
			productType = "com.apple.product-type.application";
		};
/* End PBXNativeTarget section */

/* Begin PBXProject section */
		C845AD0328999A530026C2EB /* Project object */ = {
			isa = PBXProject;
			attributes = {
				BuildIndependentTargetsInParallel = 1;
				LastSwiftUpdateCheck = 1320;
				LastUpgradeCheck = 1320;
				TargetAttributes = {
					C845AD0A28999A530026C2EB = {
						CreatedOnToolsVersion = 13.2.1;
					};
				};
			};
			buildConfigurationList = C845AD0628999A530026C2EB /* Build configuration list for PBXProject "SurfSummerSchoolProject" */;
			compatibilityVersion = "Xcode 13.0";
			developmentRegion = en;
			hasScannedForEncodings = 0;
			knownRegions = (
				en,
				Base,
			);
			mainGroup = C845AD0228999A530026C2EB;
			productRefGroup = C845AD0C28999A530026C2EB /* Products */;
			projectDirPath = "";
			projectRoot = "";
			targets = (
				C845AD0A28999A530026C2EB /* SurfSummerSchoolProject */,
			);
		};
/* End PBXProject section */

/* Begin PBXResourcesBuildPhase section */
		C845AD0928999A530026C2EB /* Resources */ = {
			isa = PBXResourcesBuildPhase;
			buildActionMask = 2147483647;
			files = (
				C845AD1B28999A5B0026C2EB /* LaunchScreen.storyboard in Resources */,
				C845AD1828999A5B0026C2EB /* Assets.xcassets in Resources */,
				C8233469289D8E2E00F956FE /* FavoriteViewController.xib in Resources */,
				C8233461289D7CE700F956FE /* ProfileViewController.xib in Resources */,
				C823345D289D764900F956FE /* MainViewController.xib in Resources */,
			);
			runOnlyForDeploymentPostprocessing = 0;
		};
/* End PBXResourcesBuildPhase section */

/* Begin PBXSourcesBuildPhase section */
		C845AD0728999A530026C2EB /* Sources */ = {
			isa = PBXSourcesBuildPhase;
			buildActionMask = 2147483647;
			files = (
				C823345C289D764900F956FE /* MainViewController.swift in Sources */,
				C8233460289D7CE700F956FE /* ProfileViewController.swift in Sources */,
				C845AD0F28999A530026C2EB /* AppDelegate.swift in Sources */,
				C8233468289D8E2E00F956FE /* FavoriteViewController.swift in Sources */,
				C823346F289D95D400F956FE /* TabBarConfigurator.swift in Sources */,
				C823346D289D903800F956FE /* TabBarModel.swift in Sources */,
			);
			runOnlyForDeploymentPostprocessing = 0;
		};
/* End PBXSourcesBuildPhase section */

/* Begin PBXVariantGroup section */
		C845AD1928999A5B0026C2EB /* LaunchScreen.storyboard */ = {
			isa = PBXVariantGroup;
			children = (
				C845AD1A28999A5B0026C2EB /* Base */,
			);
			name = LaunchScreen.storyboard;
			sourceTree = "<group>";
		};
/* End PBXVariantGroup section */

/* Begin XCBuildConfiguration section */
		C845AD1D28999A5B0026C2EB /* Debug */ = {
			isa = XCBuildConfiguration;
			buildSettings = {
				ALWAYS_SEARCH_USER_PATHS = NO;
				CLANG_ANALYZER_NONNULL = YES;
				CLANG_ANALYZER_NUMBER_OBJECT_CONVERSION = YES_AGGRESSIVE;
				CLANG_CXX_LANGUAGE_STANDARD = "gnu++17";
				CLANG_CXX_LIBRARY = "libc++";
				CLANG_ENABLE_MODULES = YES;
				CLANG_ENABLE_OBJC_ARC = YES;
				CLANG_ENABLE_OBJC_WEAK = YES;
				CLANG_WARN_BLOCK_CAPTURE_AUTORELEASING = YES;
				CLANG_WARN_BOOL_CONVERSION = YES;
				CLANG_WARN_COMMA = YES;
				CLANG_WARN_CONSTANT_CONVERSION = YES;
				CLANG_WARN_DEPRECATED_OBJC_IMPLEMENTATIONS = YES;
				CLANG_WARN_DIRECT_OBJC_ISA_USAGE = YES_ERROR;
				CLANG_WARN_DOCUMENTATION_COMMENTS = YES;
				CLANG_WARN_EMPTY_BODY = YES;
				CLANG_WARN_ENUM_CONVERSION = YES;
				CLANG_WARN_INFINITE_RECURSION = YES;
				CLANG_WARN_INT_CONVERSION = YES;
				CLANG_WARN_NON_LITERAL_NULL_CONVERSION = YES;
				CLANG_WARN_OBJC_IMPLICIT_RETAIN_SELF = YES;
				CLANG_WARN_OBJC_LITERAL_CONVERSION = YES;
				CLANG_WARN_OBJC_ROOT_CLASS = YES_ERROR;
				CLANG_WARN_QUOTED_INCLUDE_IN_FRAMEWORK_HEADER = YES;
				CLANG_WARN_RANGE_LOOP_ANALYSIS = YES;
				CLANG_WARN_STRICT_PROTOTYPES = YES;
				CLANG_WARN_SUSPICIOUS_MOVE = YES;
				CLANG_WARN_UNGUARDED_AVAILABILITY = YES_AGGRESSIVE;
				CLANG_WARN_UNREACHABLE_CODE = YES;
				CLANG_WARN__DUPLICATE_METHOD_MATCH = YES;
				COPY_PHASE_STRIP = NO;
				DEBUG_INFORMATION_FORMAT = dwarf;
				ENABLE_STRICT_OBJC_MSGSEND = YES;
				ENABLE_TESTABILITY = YES;
				GCC_C_LANGUAGE_STANDARD = gnu11;
				GCC_DYNAMIC_NO_PIC = NO;
				GCC_NO_COMMON_BLOCKS = YES;
				GCC_OPTIMIZATION_LEVEL = 0;
				GCC_PREPROCESSOR_DEFINITIONS = (
					"DEBUG=1",
					"$(inherited)",
				);
				GCC_WARN_64_TO_32_BIT_CONVERSION = YES;
				GCC_WARN_ABOUT_RETURN_TYPE = YES_ERROR;
				GCC_WARN_UNDECLARED_SELECTOR = YES;
				GCC_WARN_UNINITIALIZED_AUTOS = YES_AGGRESSIVE;
				GCC_WARN_UNUSED_FUNCTION = YES;
				GCC_WARN_UNUSED_VARIABLE = YES;
				IPHONEOS_DEPLOYMENT_TARGET = 15.2;
				MTL_ENABLE_DEBUG_INFO = INCLUDE_SOURCE;
				MTL_FAST_MATH = YES;
				ONLY_ACTIVE_ARCH = YES;
				SDKROOT = iphoneos;
				SWIFT_ACTIVE_COMPILATION_CONDITIONS = DEBUG;
				SWIFT_OPTIMIZATION_LEVEL = "-Onone";
			};
			name = Debug;
		};
		C845AD1E28999A5B0026C2EB /* Release */ = {
			isa = XCBuildConfiguration;
			buildSettings = {
				ALWAYS_SEARCH_USER_PATHS = NO;
				CLANG_ANALYZER_NONNULL = YES;
				CLANG_ANALYZER_NUMBER_OBJECT_CONVERSION = YES_AGGRESSIVE;
				CLANG_CXX_LANGUAGE_STANDARD = "gnu++17";
				CLANG_CXX_LIBRARY = "libc++";
				CLANG_ENABLE_MODULES = YES;
				CLANG_ENABLE_OBJC_ARC = YES;
				CLANG_ENABLE_OBJC_WEAK = YES;
				CLANG_WARN_BLOCK_CAPTURE_AUTORELEASING = YES;
				CLANG_WARN_BOOL_CONVERSION = YES;
				CLANG_WARN_COMMA = YES;
				CLANG_WARN_CONSTANT_CONVERSION = YES;
				CLANG_WARN_DEPRECATED_OBJC_IMPLEMENTATIONS = YES;
				CLANG_WARN_DIRECT_OBJC_ISA_USAGE = YES_ERROR;
				CLANG_WARN_DOCUMENTATION_COMMENTS = YES;
				CLANG_WARN_EMPTY_BODY = YES;
				CLANG_WARN_ENUM_CONVERSION = YES;
				CLANG_WARN_INFINITE_RECURSION = YES;
				CLANG_WARN_INT_CONVERSION = YES;
				CLANG_WARN_NON_LITERAL_NULL_CONVERSION = YES;
				CLANG_WARN_OBJC_IMPLICIT_RETAIN_SELF = YES;
				CLANG_WARN_OBJC_LITERAL_CONVERSION = YES;
				CLANG_WARN_OBJC_ROOT_CLASS = YES_ERROR;
				CLANG_WARN_QUOTED_INCLUDE_IN_FRAMEWORK_HEADER = YES;
				CLANG_WARN_RANGE_LOOP_ANALYSIS = YES;
				CLANG_WARN_STRICT_PROTOTYPES = YES;
				CLANG_WARN_SUSPICIOUS_MOVE = YES;
				CLANG_WARN_UNGUARDED_AVAILABILITY = YES_AGGRESSIVE;
				CLANG_WARN_UNREACHABLE_CODE = YES;
				CLANG_WARN__DUPLICATE_METHOD_MATCH = YES;
				COPY_PHASE_STRIP = NO;
				DEBUG_INFORMATION_FORMAT = "dwarf-with-dsym";
				ENABLE_NS_ASSERTIONS = NO;
				ENABLE_STRICT_OBJC_MSGSEND = YES;
				GCC_C_LANGUAGE_STANDARD = gnu11;
				GCC_NO_COMMON_BLOCKS = YES;
				GCC_WARN_64_TO_32_BIT_CONVERSION = YES;
				GCC_WARN_ABOUT_RETURN_TYPE = YES_ERROR;
				GCC_WARN_UNDECLARED_SELECTOR = YES;
				GCC_WARN_UNINITIALIZED_AUTOS = YES_AGGRESSIVE;
				GCC_WARN_UNUSED_FUNCTION = YES;
				GCC_WARN_UNUSED_VARIABLE = YES;
				IPHONEOS_DEPLOYMENT_TARGET = 15.2;
				MTL_ENABLE_DEBUG_INFO = NO;
				MTL_FAST_MATH = YES;
				SDKROOT = iphoneos;
				SWIFT_COMPILATION_MODE = wholemodule;
				SWIFT_OPTIMIZATION_LEVEL = "-O";
				VALIDATE_PRODUCT = YES;
			};
			name = Release;
		};
		C845AD2028999A5B0026C2EB /* Debug */ = {
			isa = XCBuildConfiguration;
			buildSettings = {
				ASSETCATALOG_COMPILER_APPICON_NAME = AppIcon;
				ASSETCATALOG_COMPILER_GLOBAL_ACCENT_COLOR_NAME = AccentColor;
				CODE_SIGN_STYLE = Automatic;
				CURRENT_PROJECT_VERSION = 1;
				DEVELOPMENT_TEAM = ZXWF3WYS4X;
				GENERATE_INFOPLIST_FILE = YES;
				INFOPLIST_FILE = SurfSummerSchoolProject/Application/Info.plist;
				INFOPLIST_KEY_UIApplicationSupportsIndirectInputEvents = YES;
				INFOPLIST_KEY_UILaunchStoryboardName = LaunchScreen;
				INFOPLIST_KEY_UISupportedInterfaceOrientations = UIInterfaceOrientationPortrait;
				INFOPLIST_KEY_UISupportedInterfaceOrientations_iPad = "UIInterfaceOrientationPortrait UIInterfaceOrientationPortraitUpsideDown UIInterfaceOrientationLandscapeLeft UIInterfaceOrientationLandscapeRight";
				INFOPLIST_KEY_UISupportedInterfaceOrientations_iPhone = "UIInterfaceOrientationPortrait UIInterfaceOrientationLandscapeLeft UIInterfaceOrientationLandscapeRight";
				IPHONEOS_DEPLOYMENT_TARGET = 15.2;
				LD_RUNPATH_SEARCH_PATHS = (
					"$(inherited)",
					"@executable_path/Frameworks",
				);
				MARKETING_VERSION = 1.0;
				PRODUCT_BUNDLE_IDENTIFIER = com.sliamand.SurfSummerSchoolProject;
				PRODUCT_NAME = "$(TARGET_NAME)";
				SWIFT_EMIT_LOC_STRINGS = YES;
				SWIFT_VERSION = 5.0;
				TARGETED_DEVICE_FAMILY = 1;
			};
			name = Debug;
		};
		C845AD2128999A5B0026C2EB /* Release */ = {
			isa = XCBuildConfiguration;
			buildSettings = {
				ASSETCATALOG_COMPILER_APPICON_NAME = AppIcon;
				ASSETCATALOG_COMPILER_GLOBAL_ACCENT_COLOR_NAME = AccentColor;
				CODE_SIGN_STYLE = Automatic;
				CURRENT_PROJECT_VERSION = 1;
				DEVELOPMENT_TEAM = ZXWF3WYS4X;
				GENERATE_INFOPLIST_FILE = YES;
				INFOPLIST_FILE = SurfSummerSchoolProject/Application/Info.plist;
				INFOPLIST_KEY_UIApplicationSupportsIndirectInputEvents = YES;
				INFOPLIST_KEY_UILaunchStoryboardName = LaunchScreen;
				INFOPLIST_KEY_UISupportedInterfaceOrientations = UIInterfaceOrientationPortrait;
				INFOPLIST_KEY_UISupportedInterfaceOrientations_iPad = "UIInterfaceOrientationPortrait UIInterfaceOrientationPortraitUpsideDown UIInterfaceOrientationLandscapeLeft UIInterfaceOrientationLandscapeRight";
				INFOPLIST_KEY_UISupportedInterfaceOrientations_iPhone = "UIInterfaceOrientationPortrait UIInterfaceOrientationLandscapeLeft UIInterfaceOrientationLandscapeRight";
				IPHONEOS_DEPLOYMENT_TARGET = 15.2;
				LD_RUNPATH_SEARCH_PATHS = (
					"$(inherited)",
					"@executable_path/Frameworks",
				);
				MARKETING_VERSION = 1.0;
				PRODUCT_BUNDLE_IDENTIFIER = com.sliamand.SurfSummerSchoolProject;
				PRODUCT_NAME = "$(TARGET_NAME)";
				SWIFT_EMIT_LOC_STRINGS = YES;
				SWIFT_VERSION = 5.0;
				TARGETED_DEVICE_FAMILY = 1;
			};
			name = Release;
		};
/* End XCBuildConfiguration section */

/* Begin XCConfigurationList section */
		C845AD0628999A530026C2EB /* Build configuration list for PBXProject "SurfSummerSchoolProject" */ = {
			isa = XCConfigurationList;
			buildConfigurations = (
				C845AD1D28999A5B0026C2EB /* Debug */,
				C845AD1E28999A5B0026C2EB /* Release */,
			);
			defaultConfigurationIsVisible = 0;
			defaultConfigurationName = Release;
		};
		C845AD1F28999A5B0026C2EB /* Build configuration list for PBXNativeTarget "SurfSummerSchoolProject" */ = {
			isa = XCConfigurationList;
			buildConfigurations = (
				C845AD2028999A5B0026C2EB /* Debug */,
				C845AD2128999A5B0026C2EB /* Release */,
			);
			defaultConfigurationIsVisible = 0;
			defaultConfigurationName = Release;
		};
/* End XCConfigurationList section */
	};
	rootObject = C845AD0328999A530026C2EB /* Project object */;
}
